
Microsoft Visual Studio Solution File, Format Version 12.00
# Visual Studio Version 17
VisualStudioVersion = 17.7.34024.191
MinimumVisualStudioVersion = 10.0.40219.1
Project("{FAE04EC0-301F-11D3-BF4B-00C04F79EFBC}") = "HomeProject", "HomeProject\HomeProject.csproj", "{80862D30-3CFE-4336-9611-B9F8B25E56E5}"
EndProject
Global
	GlobalSection(SolutionConfigurationPlatforms) = preSolution
		Debug|Any CPU = Debug|Any CPU
		Release|Any CPU = Release|Any CPU
	EndGlobalSection
	GlobalSection(ProjectConfigurationPlatforms) = postSolution
		{80862D30-3CFE-4336-9611-B9F8B25E56E5}.Debug|Any CPU.ActiveCfg = Debug|Any CPU
		{80862D30-3CFE-4336-9611-B9F8B25E56E5}.Debug|Any CPU.Build.0 = Debug|Any CPU
		{80862D30-3CFE-4336-9611-B9F8B25E56E5}.Release|Any CPU.ActiveCfg = Release|Any CPU
		{80862D30-3CFE-4336-9611-B9F8B25E56E5}.Release|Any CPU.Build.0 = Release|Any CPU
	EndGlobalSection
	GlobalSection(SolutionProperties) = preSolution
		HideSolutionNode = FALSE
	EndGlobalSection
	GlobalSection(ExtensibilityGlobals) = postSolution
		SolutionGuid = {9A5D2FFE-655B-4CDD-8A60-FA83B9B3B84F}
	EndGlobalSection
EndGlobal
